
Microsoft Visual Studio Solution File, Format Version 12.00
# Visual Studio Version 17
VisualStudioVersion = 17.14.36310.24 d17.14
MinimumVisualStudioVersion = 10.0.40219.1
Project("{8BC9CEB8-8B4A-11D0-8D11-00A0C91BC942}") = "practice_9_1", "practice_9_1.vcxproj", "{6C7896B6-D939-4649-8D79-EE591DC5617D}"
EndProject
Global
	GlobalSection(SolutionConfigurationPlatforms) = preSolution
		Debug|x64 = Debug|x64
		Debug|x86 = Debug|x86
		Release|x64 = Release|x64
		Release|x86 = Release|x86
	EndGlobalSection
	GlobalSection(ProjectConfigurationPlatforms) = postSolution
		{6C7896B6-D939-4649-8D79-EE591DC5617D}.Debug|x64.ActiveCfg = Debug|x64
		{6C7896B6-D939-4649-8D79-EE591DC5617D}.Debug|x64.Build.0 = Debug|x64
		{6C7896B6-D939-4649-8D79-EE591DC5617D}.Debug|x86.ActiveCfg = Debug|Win32
		{6C7896B6-D939-4649-8D79-EE591DC5617D}.Debug|x86.Build.0 = Debug|Win32
		{6C7896B6-D939-4649-8D79-EE591DC5617D}.Release|x64.ActiveCfg = Release|x64
		{6C7896B6-D939-4649-8D79-EE591DC5617D}.Release|x64.Build.0 = Release|x64
		{6C7896B6-D939-4649-8D79-EE591DC5617D}.Release|x86.ActiveCfg = Release|Win32
		{6C7896B6-D939-4649-8D79-EE591DC5617D}.Release|x86.Build.0 = Release|Win32
	EndGlobalSection
	GlobalSection(SolutionProperties) = preSolution
		HideSolutionNode = FALSE
	EndGlobalSection
	GlobalSection(ExtensibilityGlobals) = postSolution
		SolutionGuid = {C1990868-8AF0-4D7A-B44B-0287D33F26D5}
	EndGlobalSection
EndGlobal
